
Microsoft Visual Studio Solution File, Format Version 12.00
# Visual Studio Version 17
VisualStudioVersion = 17.14.36202.13
MinimumVisualStudioVersion = 10.0.40219.1
Project("{FAE04EC0-301F-11D3-BF4B-00C04F79EFBC}") = "OrderDemo.WebApi", "OrderDemo.WebApi\OrderDemo.WebApi.csproj", "{B2308EB0-7208-4194-B5BD-F2D79FB68A65}"
EndProject
Project("{FAE04EC0-301F-11D3-BF4B-00C04F79EFBC}") = "OrderDemo.Domain", "OrderDemo.Domain\OrderDemo.Domain.csproj", "{8F3B4946-4E88-42F8-98C6-008375B58C61}"
EndProject
Project("{FAE04EC0-301F-11D3-BF4B-00C04F79EFBC}") = "OrderDemo.Application", "OrderDemo.Application\OrderDemo.Application.csproj", "{98F0529A-6FB7-43B1-AD0F-BC30D2911F0F}"
EndProject
Project("{FAE04EC0-301F-11D3-BF4B-00C04F79EFBC}") = "OrderDemo.Infrastructure", "OrderDemo.Infrastructure\OrderDemo.Infrastructure.csproj", "{11D6CF37-84CC-485B-97C3-5DB1C3FF60A2}"
EndProject
Project("{FAE04EC0-301F-11D3-BF4B-00C04F79EFBC}") = "OrderDemo.Application.Tests", "OrderDemo.Application.Tests\OrderDemo.Application.Tests.csproj", "{EDCE3630-A487-D51D-229E-D6DBCD9109C0}"
EndProject
Project("{FAE04EC0-301F-11D3-BF4B-00C04F79EFBC}") = "OrderDemo.WebApi.IntegrationTests", "OrderDemo.WebApi.IntegrationTests\OrderDemo.WebApi.IntegrationTests.csproj", "{35CD4D71-1B9A-5230-2692-0DB5E6200A4C}"
EndProject
Global
	GlobalSection(SolutionConfigurationPlatforms) = preSolution
		Debug|Any CPU = Debug|Any CPU
		Release|Any CPU = Release|Any CPU
	EndGlobalSection
	GlobalSection(ProjectConfigurationPlatforms) = postSolution
		{B2308EB0-7208-4194-B5BD-F2D79FB68A65}.Debug|Any CPU.ActiveCfg = Debug|Any CPU
		{B2308EB0-7208-4194-B5BD-F2D79FB68A65}.Debug|Any CPU.Build.0 = Debug|Any CPU
		{B2308EB0-7208-4194-B5BD-F2D79FB68A65}.Release|Any CPU.ActiveCfg = Release|Any CPU
		{B2308EB0-7208-4194-B5BD-F2D79FB68A65}.Release|Any CPU.Build.0 = Release|Any CPU
		{8F3B4946-4E88-42F8-98C6-008375B58C61}.Debug|Any CPU.ActiveCfg = Debug|Any CPU
		{8F3B4946-4E88-42F8-98C6-008375B58C61}.Debug|Any CPU.Build.0 = Debug|Any CPU
		{8F3B4946-4E88-42F8-98C6-008375B58C61}.Release|Any CPU.ActiveCfg = Release|Any CPU
		{8F3B4946-4E88-42F8-98C6-008375B58C61}.Release|Any CPU.Build.0 = Release|Any CPU
		{98F0529A-6FB7-43B1-AD0F-BC30D2911F0F}.Debug|Any CPU.ActiveCfg = Debug|Any CPU
		{98F0529A-6FB7-43B1-AD0F-BC30D2911F0F}.Debug|Any CPU.Build.0 = Debug|Any CPU
		{98F0529A-6FB7-43B1-AD0F-BC30D2911F0F}.Release|Any CPU.ActiveCfg = Release|Any CPU
		{98F0529A-6FB7-43B1-AD0F-BC30D2911F0F}.Release|Any CPU.Build.0 = Release|Any CPU
		{11D6CF37-84CC-485B-97C3-5DB1C3FF60A2}.Debug|Any CPU.ActiveCfg = Debug|Any CPU
		{11D6CF37-84CC-485B-97C3-5DB1C3FF60A2}.Debug|Any CPU.Build.0 = Debug|Any CPU
		{11D6CF37-84CC-485B-97C3-5DB1C3FF60A2}.Release|Any CPU.ActiveCfg = Release|Any CPU
		{11D6CF37-84CC-485B-97C3-5DB1C3FF60A2}.Release|Any CPU.Build.0 = Release|Any CPU
		{EDCE3630-A487-D51D-229E-D6DBCD9109C0}.Debug|Any CPU.ActiveCfg = Debug|Any CPU
		{EDCE3630-A487-D51D-229E-D6DBCD9109C0}.Debug|Any CPU.Build.0 = Debug|Any CPU
		{EDCE3630-A487-D51D-229E-D6DBCD9109C0}.Release|Any CPU.ActiveCfg = Release|Any CPU
		{EDCE3630-A487-D51D-229E-D6DBCD9109C0}.Release|Any CPU.Build.0 = Release|Any CPU
		{35CD4D71-1B9A-5230-2692-0DB5E6200A4C}.Debug|Any CPU.ActiveCfg = Debug|Any CPU
		{35CD4D71-1B9A-5230-2692-0DB5E6200A4C}.Debug|Any CPU.Build.0 = Debug|Any CPU
		{35CD4D71-1B9A-5230-2692-0DB5E6200A4C}.Release|Any CPU.ActiveCfg = Release|Any CPU
		{35CD4D71-1B9A-5230-2692-0DB5E6200A4C}.Release|Any CPU.Build.0 = Release|Any CPU
	EndGlobalSection
	GlobalSection(SolutionProperties) = preSolution
		HideSolutionNode = FALSE
	EndGlobalSection
	GlobalSection(ExtensibilityGlobals) = postSolution
		SolutionGuid = {38733398-FAE6-4C8C-AD95-75D4B8B08347}
	EndGlobalSection
EndGlobal
